
Microsoft Visual Studio Solution File, Format Version 12.00
# Visual Studio Version 17
VisualStudioVersion = 17.0.32112.339
MinimumVisualStudioVersion = 10.0.40219.1
Project("{FAE04EC0-301F-11D3-BF4B-00C04F79EFBC}") = "KonuYorumCore", "KonuYorumCore\KonuYorumCore.csproj", "{1D524D4A-A19D-49DE-AB1A-5EE507EF6458}"
EndProject
Global
	GlobalSection(SolutionConfigurationPlatforms) = preSolution
		Debug|Any CPU = Debug|Any CPU
		Release|Any CPU = Release|Any CPU
	EndGlobalSection
	GlobalSection(ProjectConfigurationPlatforms) = postSolution
		{1D524D4A-A19D-49DE-AB1A-5EE507EF6458}.Debug|Any CPU.ActiveCfg = Debug|Any CPU
		{1D524D4A-A19D-49DE-AB1A-5EE507EF6458}.Debug|Any CPU.Build.0 = Debug|Any CPU
		{1D524D4A-A19D-49DE-AB1A-5EE507EF6458}.Release|Any CPU.ActiveCfg = Release|Any CPU
		{1D524D4A-A19D-49DE-AB1A-5EE507EF6458}.Release|Any CPU.Build.0 = Release|Any CPU
	EndGlobalSection
	GlobalSection(SolutionProperties) = preSolution
		HideSolutionNode = FALSE
	EndGlobalSection
	GlobalSection(ExtensibilityGlobals) = postSolution
		SolutionGuid = {523B7EE1-B692-480A-9226-480D81A5E575}
	EndGlobalSection
EndGlobal
